
Microsoft Visual Studio Solution File, Format Version 12.00
# Visual Studio 15
VisualStudioVersion = 15.0.27130.0
MinimumVisualStudioVersion = 10.0.40219.1
Project("{8BC9CEB8-8B4A-11D0-8D11-00A0C91BC942}") = "OpenCLsum", "OpenCLsum\OpenCLsum.vcxproj", "{D087010E-81C7-486F-BB7E-803210DB9976}"
EndProject
Project("{8BC9CEB8-8B4A-11D0-8D11-00A0C91BC942}") = "openCLtemp", "openCLtemp\openCLtemp.vcxproj", "{DA4CC028-B93A-4D49-B5A3-585BE377F002}"
EndProject
Project("{8BC9CEB8-8B4A-11D0-8D11-00A0C91BC942}") = "Connected components1", "Connected components1\Connected components1.vcxproj", "{BC6AC000-8AD2-43A1-AB51-7BC2EFE10F39}"
EndProject
Global
	GlobalSection(SolutionConfigurationPlatforms) = preSolution
		Debug|x64 = Debug|x64
		Debug|x86 = Debug|x86
		Release|x64 = Release|x64
		Release|x86 = Release|x86
	EndGlobalSection
	GlobalSection(ProjectConfigurationPlatforms) = postSolution
		{D087010E-81C7-486F-BB7E-803210DB9976}.Debug|x64.ActiveCfg = Debug|x64
		{D087010E-81C7-486F-BB7E-803210DB9976}.Debug|x64.Build.0 = Debug|x64
		{D087010E-81C7-486F-BB7E-803210DB9976}.Debug|x86.ActiveCfg = Debug|Win32
		{D087010E-81C7-486F-BB7E-803210DB9976}.Debug|x86.Build.0 = Debug|Win32
		{D087010E-81C7-486F-BB7E-803210DB9976}.Release|x64.ActiveCfg = Release|x64
		{D087010E-81C7-486F-BB7E-803210DB9976}.Release|x64.Build.0 = Release|x64
		{D087010E-81C7-486F-BB7E-803210DB9976}.Release|x86.ActiveCfg = Release|Win32
		{D087010E-81C7-486F-BB7E-803210DB9976}.Release|x86.Build.0 = Release|Win32
		{DA4CC028-B93A-4D49-B5A3-585BE377F002}.Debug|x64.ActiveCfg = Debug|x64
		{DA4CC028-B93A-4D49-B5A3-585BE377F002}.Debug|x86.ActiveCfg = Debug|Win32
		{DA4CC028-B93A-4D49-B5A3-585BE377F002}.Release|x64.ActiveCfg = Release|x64
		{DA4CC028-B93A-4D49-B5A3-585BE377F002}.Release|x64.Build.0 = Release|x64
		{DA4CC028-B93A-4D49-B5A3-585BE377F002}.Release|x86.ActiveCfg = Release|Win32
		{DA4CC028-B93A-4D49-B5A3-585BE377F002}.Release|x86.Build.0 = Release|Win32
		{BC6AC000-8AD2-43A1-AB51-7BC2EFE10F39}.Debug|x64.ActiveCfg = Debug|x64
		{BC6AC000-8AD2-43A1-AB51-7BC2EFE10F39}.Debug|x64.Build.0 = Debug|x64
		{BC6AC000-8AD2-43A1-AB51-7BC2EFE10F39}.Debug|x86.ActiveCfg = Debug|Win32
		{BC6AC000-8AD2-43A1-AB51-7BC2EFE10F39}.Debug|x86.Build.0 = Debug|Win32
		{BC6AC000-8AD2-43A1-AB51-7BC2EFE10F39}.Release|x64.ActiveCfg = Release|x64
		{BC6AC000-8AD2-43A1-AB51-7BC2EFE10F39}.Release|x64.Build.0 = Release|x64
		{BC6AC000-8AD2-43A1-AB51-7BC2EFE10F39}.Release|x86.ActiveCfg = Release|Win32
		{BC6AC000-8AD2-43A1-AB51-7BC2EFE10F39}.Release|x86.Build.0 = Release|Win32
	EndGlobalSection
	GlobalSection(SolutionProperties) = preSolution
		HideSolutionNode = FALSE
	EndGlobalSection
	GlobalSection(ExtensibilityGlobals) = postSolution
		SolutionGuid = {C1B51102-6CD4-4025-8AD5-834F8BF77FCC}
	EndGlobalSection
EndGlobal
